
Microsoft Visual Studio Solution File, Format Version 12.00
# Visual Studio Version 17
VisualStudioVersion = 17.11.35303.130
MinimumVisualStudioVersion = 10.0.40219.1
Project("{9A19103F-16F7-4668-BE54-9A1E7A4F7556}") = "Domain", "Domain\Domain.csproj", "{90273CDD-CCDC-49EF-93B0-F7A0F6374A01}"
EndProject
Project("{2150E333-8FDC-42A3-9474-1A3956D46DE8}") = "Core", "Core", "{FBAFEF32-F9FD-4750-A222-C0F4F22A4203}"
EndProject
Project("{9A19103F-16F7-4668-BE54-9A1E7A4F7556}") = "Infrastructure", "Infraestructure\Infrastructure.csproj", "{7F490203-BB78-4C12-A2C2-D28DA65E6C15}"
EndProject
Project("{2150E333-8FDC-42A3-9474-1A3956D46DE8}") = "Infrastructure", "Infrastructure", "{AAC4D88F-AA4F-4207-8BE1-BA128D8ED753}"
EndProject
Project("{2150E333-8FDC-42A3-9474-1A3956D46DE8}") = "Presentation", "Presentation", "{7674169E-41D4-4A6E-BE5B-E26B003E70DF}"
EndProject
Project("{9A19103F-16F7-4668-BE54-9A1E7A4F7556}") = "API", "API\API.csproj", "{3A9D9664-E429-40A7-895B-4F428EB5AA3E}"
EndProject
Project("{2150E333-8FDC-42A3-9474-1A3956D46DE8}") = "src", "src", "{80F3A457-C1D9-4983-8043-5C7A5D8246D0}"
EndProject
Project("{2150E333-8FDC-42A3-9474-1A3956D46DE8}") = "Application", "Application", "{990F57D8-22B3-464C-9EEB-6934E4939DB0}"
EndProject
Project("{9A19103F-16F7-4668-BE54-9A1E7A4F7556}") = "Application", "Application\Application.csproj", "{1B6B8C38-48EC-4CE0-B682-6D8AB27E2A93}"
EndProject
Project("{2150E333-8FDC-42A3-9474-1A3956D46DE8}") = "TodoAPI", "TodoAPI", "{5E7C74C9-A96D-4062-B6E6-6254EE06A30F}"
EndProject
Project("{2150E333-8FDC-42A3-9474-1A3956D46DE8}") = "HubTest", "HubTest", "{02EA681E-C7D8-13C7-8484-4AC65E1B71E8}"
EndProject
Project("{2150E333-8FDC-42A3-9474-1A3956D46DE8}") = "Tests", "Tests", "{0A2FC839-C105-4A50-AC23-594AA6A92299}"
EndProject
Project("{2150E333-8FDC-42A3-9474-1A3956D46DE8}") = "UnitTest", "UnitTest", "{5B33C77F-09E4-4D2C-945C-B216FBFA804B}"
EndProject
Project("{FAE04EC0-301F-11D3-BF4B-00C04F79EFBC}") = "HubTester", "Test\HubTester\HubTester.csproj", "{CB4782CB-1F84-F693-EACB-623F07A33336}"
EndProject
Project("{FAE04EC0-301F-11D3-BF4B-00C04F79EFBC}") = "UnitTesting", "Test\UnitTesting\UnitTesting.csproj", "{D04A0CD9-E341-E0AF-87BE-95368A4781B1}"
EndProject
Global
	GlobalSection(SolutionConfigurationPlatforms) = preSolution
		Debug|Any CPU = Debug|Any CPU
		Debug|x64 = Debug|x64
		Debug|x86 = Debug|x86
		Release|Any CPU = Release|Any CPU
		Release|x64 = Release|x64
		Release|x86 = Release|x86
	EndGlobalSection
	GlobalSection(ProjectConfigurationPlatforms) = postSolution
		{90273CDD-CCDC-49EF-93B0-F7A0F6374A01}.Debug|Any CPU.ActiveCfg = Debug|Any CPU
		{90273CDD-CCDC-49EF-93B0-F7A0F6374A01}.Debug|Any CPU.Build.0 = Debug|Any CPU
		{90273CDD-CCDC-49EF-93B0-F7A0F6374A01}.Debug|x64.ActiveCfg = Debug|Any CPU
		{90273CDD-CCDC-49EF-93B0-F7A0F6374A01}.Debug|x64.Build.0 = Debug|Any CPU
		{90273CDD-CCDC-49EF-93B0-F7A0F6374A01}.Debug|x86.ActiveCfg = Debug|Any CPU
		{90273CDD-CCDC-49EF-93B0-F7A0F6374A01}.Debug|x86.Build.0 = Debug|Any CPU
		{90273CDD-CCDC-49EF-93B0-F7A0F6374A01}.Release|Any CPU.ActiveCfg = Release|Any CPU
		{90273CDD-CCDC-49EF-93B0-F7A0F6374A01}.Release|Any CPU.Build.0 = Release|Any CPU
		{90273CDD-CCDC-49EF-93B0-F7A0F6374A01}.Release|x64.ActiveCfg = Release|Any CPU
		{90273CDD-CCDC-49EF-93B0-F7A0F6374A01}.Release|x64.Build.0 = Release|Any CPU
		{90273CDD-CCDC-49EF-93B0-F7A0F6374A01}.Release|x86.ActiveCfg = Release|Any CPU
		{90273CDD-CCDC-49EF-93B0-F7A0F6374A01}.Release|x86.Build.0 = Release|Any CPU
		{7F490203-BB78-4C12-A2C2-D28DA65E6C15}.Debug|Any CPU.ActiveCfg = Debug|Any CPU
		{7F490203-BB78-4C12-A2C2-D28DA65E6C15}.Debug|Any CPU.Build.0 = Debug|Any CPU
		{7F490203-BB78-4C12-A2C2-D28DA65E6C15}.Debug|x64.ActiveCfg = Debug|Any CPU
		{7F490203-BB78-4C12-A2C2-D28DA65E6C15}.Debug|x64.Build.0 = Debug|Any CPU
		{7F490203-BB78-4C12-A2C2-D28DA65E6C15}.Debug|x86.ActiveCfg = Debug|Any CPU
		{7F490203-BB78-4C12-A2C2-D28DA65E6C15}.Debug|x86.Build.0 = Debug|Any CPU
		{7F490203-BB78-4C12-A2C2-D28DA65E6C15}.Release|Any CPU.ActiveCfg = Release|Any CPU
		{7F490203-BB78-4C12-A2C2-D28DA65E6C15}.Release|Any CPU.Build.0 = Release|Any CPU
		{7F490203-BB78-4C12-A2C2-D28DA65E6C15}.Release|x64.ActiveCfg = Release|Any CPU
		{7F490203-BB78-4C12-A2C2-D28DA65E6C15}.Release|x64.Build.0 = Release|Any CPU
		{7F490203-BB78-4C12-A2C2-D28DA65E6C15}.Release|x86.ActiveCfg = Release|Any CPU
		{7F490203-BB78-4C12-A2C2-D28DA65E6C15}.Release|x86.Build.0 = Release|Any CPU
		{3A9D9664-E429-40A7-895B-4F428EB5AA3E}.Debug|Any CPU.ActiveCfg = Debug|Any CPU
		{3A9D9664-E429-40A7-895B-4F428EB5AA3E}.Debug|Any CPU.Build.0 = Debug|Any CPU
		{3A9D9664-E429-40A7-895B-4F428EB5AA3E}.Debug|x64.ActiveCfg = Debug|Any CPU
		{3A9D9664-E429-40A7-895B-4F428EB5AA3E}.Debug|x64.Build.0 = Debug|Any CPU
		{3A9D9664-E429-40A7-895B-4F428EB5AA3E}.Debug|x86.ActiveCfg = Debug|Any CPU
		{3A9D9664-E429-40A7-895B-4F428EB5AA3E}.Debug|x86.Build.0 = Debug|Any CPU
		{3A9D9664-E429-40A7-895B-4F428EB5AA3E}.Release|Any CPU.ActiveCfg = Release|Any CPU
		{3A9D9664-E429-40A7-895B-4F428EB5AA3E}.Release|Any CPU.Build.0 = Release|Any CPU
		{3A9D9664-E429-40A7-895B-4F428EB5AA3E}.Release|x64.ActiveCfg = Release|Any CPU
		{3A9D9664-E429-40A7-895B-4F428EB5AA3E}.Release|x64.Build.0 = Release|Any CPU
		{3A9D9664-E429-40A7-895B-4F428EB5AA3E}.Release|x86.ActiveCfg = Release|Any CPU
		{3A9D9664-E429-40A7-895B-4F428EB5AA3E}.Release|x86.Build.0 = Release|Any CPU
		{1B6B8C38-48EC-4CE0-B682-6D8AB27E2A93}.Debug|Any CPU.ActiveCfg = Debug|Any CPU
		{1B6B8C38-48EC-4CE0-B682-6D8AB27E2A93}.Debug|Any CPU.Build.0 = Debug|Any CPU
		{1B6B8C38-48EC-4CE0-B682-6D8AB27E2A93}.Debug|x64.ActiveCfg = Debug|Any CPU
		{1B6B8C38-48EC-4CE0-B682-6D8AB27E2A93}.Debug|x64.Build.0 = Debug|Any CPU
		{1B6B8C38-48EC-4CE0-B682-6D8AB27E2A93}.Debug|x86.ActiveCfg = Debug|Any CPU
		{1B6B8C38-48EC-4CE0-B682-6D8AB27E2A93}.Debug|x86.Build.0 = Debug|Any CPU
		{1B6B8C38-48EC-4CE0-B682-6D8AB27E2A93}.Release|Any CPU.ActiveCfg = Release|Any CPU
		{1B6B8C38-48EC-4CE0-B682-6D8AB27E2A93}.Release|Any CPU.Build.0 = Release|Any CPU
		{1B6B8C38-48EC-4CE0-B682-6D8AB27E2A93}.Release|x64.ActiveCfg = Release|Any CPU
		{1B6B8C38-48EC-4CE0-B682-6D8AB27E2A93}.Release|x64.Build.0 = Release|Any CPU
		{1B6B8C38-48EC-4CE0-B682-6D8AB27E2A93}.Release|x86.ActiveCfg = Release|Any CPU
		{1B6B8C38-48EC-4CE0-B682-6D8AB27E2A93}.Release|x86.Build.0 = Release|Any CPU
		{CB4782CB-1F84-F693-EACB-623F07A33336}.Debug|Any CPU.ActiveCfg = Debug|Any CPU
		{CB4782CB-1F84-F693-EACB-623F07A33336}.Debug|Any CPU.Build.0 = Debug|Any CPU
		{CB4782CB-1F84-F693-EACB-623F07A33336}.Debug|x64.ActiveCfg = Debug|Any CPU
		{CB4782CB-1F84-F693-EACB-623F07A33336}.Debug|x64.Build.0 = Debug|Any CPU
		{CB4782CB-1F84-F693-EACB-623F07A33336}.Debug|x86.ActiveCfg = Debug|Any CPU
		{CB4782CB-1F84-F693-EACB-623F07A33336}.Debug|x86.Build.0 = Debug|Any CPU
		{CB4782CB-1F84-F693-EACB-623F07A33336}.Release|Any CPU.ActiveCfg = Release|Any CPU
		{CB4782CB-1F84-F693-EACB-623F07A33336}.Release|Any CPU.Build.0 = Release|Any CPU
		{CB4782CB-1F84-F693-EACB-623F07A33336}.Release|x64.ActiveCfg = Release|Any CPU
		{CB4782CB-1F84-F693-EACB-623F07A33336}.Release|x64.Build.0 = Release|Any CPU
		{CB4782CB-1F84-F693-EACB-623F07A33336}.Release|x86.ActiveCfg = Release|Any CPU
		{CB4782CB-1F84-F693-EACB-623F07A33336}.Release|x86.Build.0 = Release|Any CPU
		{D04A0CD9-E341-E0AF-87BE-95368A4781B1}.Debug|Any CPU.ActiveCfg = Debug|Any CPU
		{D04A0CD9-E341-E0AF-87BE-95368A4781B1}.Debug|Any CPU.Build.0 = Debug|Any CPU
		{D04A0CD9-E341-E0AF-87BE-95368A4781B1}.Debug|x64.ActiveCfg = Debug|Any CPU
		{D04A0CD9-E341-E0AF-87BE-95368A4781B1}.Debug|x64.Build.0 = Debug|Any CPU
		{D04A0CD9-E341-E0AF-87BE-95368A4781B1}.Debug|x86.ActiveCfg = Debug|Any CPU
		{D04A0CD9-E341-E0AF-87BE-95368A4781B1}.Debug|x86.Build.0 = Debug|Any CPU
		{D04A0CD9-E341-E0AF-87BE-95368A4781B1}.Release|Any CPU.ActiveCfg = Release|Any CPU
		{D04A0CD9-E341-E0AF-87BE-95368A4781B1}.Release|Any CPU.Build.0 = Release|Any CPU
		{D04A0CD9-E341-E0AF-87BE-95368A4781B1}.Release|x64.ActiveCfg = Release|Any CPU
		{D04A0CD9-E341-E0AF-87BE-95368A4781B1}.Release|x64.Build.0 = Release|Any CPU
		{D04A0CD9-E341-E0AF-87BE-95368A4781B1}.Release|x86.ActiveCfg = Release|Any CPU
		{D04A0CD9-E341-E0AF-87BE-95368A4781B1}.Release|x86.Build.0 = Release|Any CPU
	EndGlobalSection
	GlobalSection(SolutionProperties) = preSolution
		HideSolutionNode = FALSE
	EndGlobalSection
	GlobalSection(NestedProjects) = preSolution
		{90273CDD-CCDC-49EF-93B0-F7A0F6374A01} = {FBAFEF32-F9FD-4750-A222-C0F4F22A4203}
		{FBAFEF32-F9FD-4750-A222-C0F4F22A4203} = {80F3A457-C1D9-4983-8043-5C7A5D8246D0}
		{7F490203-BB78-4C12-A2C2-D28DA65E6C15} = {AAC4D88F-AA4F-4207-8BE1-BA128D8ED753}
		{AAC4D88F-AA4F-4207-8BE1-BA128D8ED753} = {80F3A457-C1D9-4983-8043-5C7A5D8246D0}
		{7674169E-41D4-4A6E-BE5B-E26B003E70DF} = {80F3A457-C1D9-4983-8043-5C7A5D8246D0}
		{3A9D9664-E429-40A7-895B-4F428EB5AA3E} = {7674169E-41D4-4A6E-BE5B-E26B003E70DF}
		{80F3A457-C1D9-4983-8043-5C7A5D8246D0} = {5E7C74C9-A96D-4062-B6E6-6254EE06A30F}
		{990F57D8-22B3-464C-9EEB-6934E4939DB0} = {80F3A457-C1D9-4983-8043-5C7A5D8246D0}
		{1B6B8C38-48EC-4CE0-B682-6D8AB27E2A93} = {990F57D8-22B3-464C-9EEB-6934E4939DB0}
		{02EA681E-C7D8-13C7-8484-4AC65E1B71E8} = {0A2FC839-C105-4A50-AC23-594AA6A92299}
		{5B33C77F-09E4-4D2C-945C-B216FBFA804B} = {0A2FC839-C105-4A50-AC23-594AA6A92299}
		{CB4782CB-1F84-F693-EACB-623F07A33336} = {02EA681E-C7D8-13C7-8484-4AC65E1B71E8}
		{D04A0CD9-E341-E0AF-87BE-95368A4781B1} = {5B33C77F-09E4-4D2C-945C-B216FBFA804B}
	EndGlobalSection
	GlobalSection(ExtensibilityGlobals) = postSolution
		SolutionGuid = {B8E79CD8-AB18-43E6-B5F1-629BE0B51F96}
	EndGlobalSection
EndGlobal
